
Microsoft Visual Studio Solution File, Format Version 12.00
# Visual Studio 15
Project("{FAE04EC0-301F-11D3-BF4B-00C04F79EFBC}") = "Lab3", "Lab3\Lab3.csproj", "{D5A580B4-4B73-4275-9B80-E713231D7587}"
EndProject
Global
	GlobalSection(SolutionConfigurationPlatforms) = preSolution
		Debug|anycpu = Debug|anycpu
		Release|anycpu = Release|anycpu
	EndGlobalSection
	GlobalSection(ProjectConfigurationPlatforms) = postSolution
		{D5A580B4-4B73-4275-9B80-E713231D7587}.Debug|anycpu.ActiveCfg = Debug|anycpu
		{D5A580B4-4B73-4275-9B80-E713231D7587}.Debug|anycpu.Build.0 = Debug|anycpu
		{D5A580B4-4B73-4275-9B80-E713231D7587}.Release|anycpu.ActiveCfg = Release|anycpu
		{D5A580B4-4B73-4275-9B80-E713231D7587}.Release|anycpu.Build.0 = Release|anycpu
	EndGlobalSection
EndGlobal
